
Microsoft Visual Studio Solution File, Format Version 12.00
# Visual Studio Version 17
VisualStudioVersion = 17.8.34316.72
MinimumVisualStudioVersion = 10.0.40219.1
Project("{9A19103F-16F7-4668-BE54-9A1E7A4F7556}") = "WatchIT.Website", "WatchIT.Website\WatchIT.Website.csproj", "{9153593C-DA8E-4E8F-BC0E-B9D2AE8FB115}"
EndProject
Project("{2150E333-8FDC-42A3-9474-1A3956D46DE8}") = "WatchIT.Website.Services", "WatchIT.Website.Services", "{B2B9848F-2179-4654-8DA1-BD4008B512D1}"
EndProject
Project("{9A19103F-16F7-4668-BE54-9A1E7A4F7556}") = "WatchIT.Website.Services.Accounts", "WatchIT.Website.Services\WatchIT.Website.Services.Account\WatchIT.Website.Services.Accounts.csproj", "{6A58E548-C8DD-4EA4-A7E0-EE3FFF18C7F9}"
EndProject
Project("{9A19103F-16F7-4668-BE54-9A1E7A4F7556}") = "WatchIT.Website.Services", "WatchIT.Website.Services\WatchIT.Website.Services\WatchIT.Website.Services.csproj", "{3C78E3D1-A196-492E-8723-5014E63E1FC9}"
EndProject
Project("{9A19103F-16F7-4668-BE54-9A1E7A4F7556}") = "WatchIT.Website.Authentication", "WatchIT.Website.Authentication\WatchIT.Website.Authentication.csproj", "{54727B97-581C-4871-8EF5-D5899FC8579A}"
EndProject
Global
	GlobalSection(SolutionConfigurationPlatforms) = preSolution
		Debug|Any CPU = Debug|Any CPU
		Release|Any CPU = Release|Any CPU
	EndGlobalSection
	GlobalSection(ProjectConfigurationPlatforms) = postSolution
		{9153593C-DA8E-4E8F-BC0E-B9D2AE8FB115}.Debug|Any CPU.ActiveCfg = Debug|Any CPU
		{9153593C-DA8E-4E8F-BC0E-B9D2AE8FB115}.Debug|Any CPU.Build.0 = Debug|Any CPU
		{9153593C-DA8E-4E8F-BC0E-B9D2AE8FB115}.Release|Any CPU.ActiveCfg = Release|Any CPU
		{9153593C-DA8E-4E8F-BC0E-B9D2AE8FB115}.Release|Any CPU.Build.0 = Release|Any CPU
		{6A58E548-C8DD-4EA4-A7E0-EE3FFF18C7F9}.Debug|Any CPU.ActiveCfg = Debug|Any CPU
		{6A58E548-C8DD-4EA4-A7E0-EE3FFF18C7F9}.Debug|Any CPU.Build.0 = Debug|Any CPU
		{6A58E548-C8DD-4EA4-A7E0-EE3FFF18C7F9}.Release|Any CPU.ActiveCfg = Release|Any CPU
		{6A58E548-C8DD-4EA4-A7E0-EE3FFF18C7F9}.Release|Any CPU.Build.0 = Release|Any CPU
		{3C78E3D1-A196-492E-8723-5014E63E1FC9}.Debug|Any CPU.ActiveCfg = Debug|Any CPU
		{3C78E3D1-A196-492E-8723-5014E63E1FC9}.Debug|Any CPU.Build.0 = Debug|Any CPU
		{3C78E3D1-A196-492E-8723-5014E63E1FC9}.Release|Any CPU.ActiveCfg = Release|Any CPU
		{3C78E3D1-A196-492E-8723-5014E63E1FC9}.Release|Any CPU.Build.0 = Release|Any CPU
		{54727B97-581C-4871-8EF5-D5899FC8579A}.Debug|Any CPU.ActiveCfg = Debug|Any CPU
		{54727B97-581C-4871-8EF5-D5899FC8579A}.Debug|Any CPU.Build.0 = Debug|Any CPU
		{54727B97-581C-4871-8EF5-D5899FC8579A}.Release|Any CPU.ActiveCfg = Release|Any CPU
		{54727B97-581C-4871-8EF5-D5899FC8579A}.Release|Any CPU.Build.0 = Release|Any CPU
	EndGlobalSection
	GlobalSection(SolutionProperties) = preSolution
		HideSolutionNode = FALSE
	EndGlobalSection
	GlobalSection(NestedProjects) = preSolution
		{6A58E548-C8DD-4EA4-A7E0-EE3FFF18C7F9} = {B2B9848F-2179-4654-8DA1-BD4008B512D1}
		{3C78E3D1-A196-492E-8723-5014E63E1FC9} = {B2B9848F-2179-4654-8DA1-BD4008B512D1}
	EndGlobalSection
	GlobalSection(ExtensibilityGlobals) = postSolution
		SolutionGuid = {5F7C5891-33C2-42C1-9264-23AD24A64118}
	EndGlobalSection
EndGlobal
